<?xml version="1.0" encoding="utf-8"?>
<Project ToolsVersion="4.0" xmlns="http://schemas.microsoft.com/developer/msbuild/2003">
  <ItemGroup>
    <Object Include="..\..\..\..\..\..\Irvine\Lib32\Irvine32_Library\Irvine32.obj" />
  </ItemGroup>
  <ItemGroup>
    <MASM Include="Plantilla.asm" />
    <MASM Include="P_2_IntroOpArit.asm" />
    <MASM Include="P_3_EscrituraEnPantalla.asm" />
    <MASM Include="P_4_LeerDatosConsola.asm" />
    <MASM Include="P_5_ImprimeCadenaEnConsola.asm" />
    <MASM Include="P_6_Op_SUB_.asm" />
    <MASM Include="P_7_Multiplicacion_.asm" />
    <MASM Include="P_8_Division_.asm" />
    <MASM Include="P_9_EcuacionLineaRecta.asm" />
    <MASM Include="P_10_Promedio5Numeros.asm" />
    <MASM Include="P_11_AreaRectangulo_.asm" />
    <MASM Include="P_12_IntroSaltosIncondicionales_.asm" />
    <MASM Include="P_14_NumeroPar_.asm" />
    <MASM Include="P_15_imprimirSerie_.asm" />
    <MASM Include="P_16_XalaY_.asm" />
    <MASM Include="P_17_Checar2Num_.asm" />
    <MASM Include="P_18_LeerHastaNegativos_.asm" />
    <MASM Include="P_19_IntroPila_.asm" />
    <MASM Include="P_20_CiclosAnidados1_.asm" />
    <MASM Include="P_21_TablaMultiplicar_.asm" />
    <MASM Include="P_22_TablaMultiplicar_ConPila_.asm" />
    <MASM Include="Ej_5_SumarMientrasSeaMenorQueX_.asm" />
    <MASM Include="Ej_7_EmpresaCostructora.asm" />
    <MASM Include="Ej_9_SueldoSemanal.asm" />
    <MASM Include="Ej_10_EmpresaEdad.asm" />
    <MASM Include="Ej_11_Estacionamiento.asm" />
    <MASM Include="Ej_12_LaBrochaFeliz.asm" />
    <MASM Include="Ej_13_Conagua.asm" />
    <MASM Include="Ej_14_LuzYSombras.asm" />
    <MASM Include="Ej_15_Factorial.asm" />
    <MASM Include="Ej_17_NPares.asm" />
    <MASM Include="P_24_CiclosAnidadosConPila.asm" />
    <MASM Include="P_31_Macros.asm" />
    <MASM Include="Proyecto_U2.asm" />
  </ItemGroup>
  <ItemGroup>
    <None Include="macros.inc" />
  </ItemGroup>
</Project>